
Microsoft Visual Studio Solution File, Format Version 12.00
# Visual Studio 14
VisualStudioVersion = 14.0.23107.0
MinimumVisualStudioVersion = 10.0.40219.1
Project("{FAE04EC0-301F-11D3-BF4B-00C04F79EFBC}") = "InventoryEnitiyFrameworkWEB-API", "..\InventoryEnitiyFrameworkWEB-API\InventoryEnitiyFrameworkWEB-API\InventoryEnitiyFrameworkWEB-API.csproj", "{CD46A877-B148-45AF-879B-93CD06605A0E}"
EndProject
Project("{E24C65DC-7377-472B-9ABA-BC803B73C61A}") = "Inventory Design AngularJS", "..\Inventory Design AngularJS", "{B392EE7D-F28B-460D-9C5D-F881165795FF}"
	ProjectSection(WebsiteProperties) = preProject
		SccProjectName = "SAK"
		SccAuxPath = "SAK"
		SccLocalPath = "SAK"
		SccProvider = "SAK"
		TargetFrameworkMoniker = ".NETFramework,Version%3Dv4.0"
		Debug.AspNetCompiler.VirtualPath = "/localhost_17774"
		Debug.AspNetCompiler.PhysicalPath = "..\Inventory Design AngularJS\"
		Debug.AspNetCompiler.TargetPath = "PrecompiledWeb\localhost_17774\"
		Debug.AspNetCompiler.Updateable = "true"
		Debug.AspNetCompiler.ForceOverwrite = "true"
		Debug.AspNetCompiler.FixedNames = "false"
		Debug.AspNetCompiler.Debug = "True"
		Release.AspNetCompiler.VirtualPath = "/localhost_17774"
		Release.AspNetCompiler.PhysicalPath = "..\Inventory Design AngularJS\"
		Release.AspNetCompiler.TargetPath = "PrecompiledWeb\localhost_17774\"
		Release.AspNetCompiler.Updateable = "true"
		Release.AspNetCompiler.ForceOverwrite = "true"
		Release.AspNetCompiler.FixedNames = "false"
		Release.AspNetCompiler.Debug = "False"
		VWDPort = "17774"
		SlnRelativePath = "..\Inventory Design AngularJS\"
	EndProjectSection
EndProject
Project("{2150E333-8FDC-42A3-9474-1A3956D46DE8}") = "Solution Items", "Solution Items", "{ECCFB635-694A-42F7-A3A9-B25E8E0AA366}"
	ProjectSection(SolutionItems) = preProject
		..\DB\Inventory DB.sql = ..\DB\Inventory DB.sql
	EndProjectSection
EndProject
Global
	GlobalSection(SolutionConfigurationPlatforms) = preSolution
		Debug|Any CPU = Debug|Any CPU
		Release|Any CPU = Release|Any CPU
	EndGlobalSection
	GlobalSection(ProjectConfigurationPlatforms) = postSolution
		{CD46A877-B148-45AF-879B-93CD06605A0E}.Debug|Any CPU.ActiveCfg = Debug|Any CPU
		{CD46A877-B148-45AF-879B-93CD06605A0E}.Debug|Any CPU.Build.0 = Debug|Any CPU
		{CD46A877-B148-45AF-879B-93CD06605A0E}.Release|Any CPU.ActiveCfg = Release|Any CPU
		{CD46A877-B148-45AF-879B-93CD06605A0E}.Release|Any CPU.Build.0 = Release|Any CPU
		{B392EE7D-F28B-460D-9C5D-F881165795FF}.Debug|Any CPU.ActiveCfg = Debug|Any CPU
		{B392EE7D-F28B-460D-9C5D-F881165795FF}.Debug|Any CPU.Build.0 = Debug|Any CPU
		{B392EE7D-F28B-460D-9C5D-F881165795FF}.Release|Any CPU.ActiveCfg = Debug|Any CPU
		{B392EE7D-F28B-460D-9C5D-F881165795FF}.Release|Any CPU.Build.0 = Debug|Any CPU
	EndGlobalSection
	GlobalSection(SolutionProperties) = preSolution
		HideSolutionNode = FALSE
	EndGlobalSection
	GlobalSection(TeamFoundationVersionControl) = preSolution
		SccNumberOfProjects = 3
		SccEnterpriseProvider = {4CA58AB2-18FA-4F8D-95D4-32DDF27D184C}
		SccTeamFoundationServer = https://mservicesinventory.visualstudio.com/defaultcollection
		SccLocalPath0 = .
		SccProjectUniqueName1 = ..\\InventoryEnitiyFrameworkWEB-API\\InventoryEnitiyFrameworkWEB-API\\InventoryEnitiyFrameworkWEB-API.csproj
		SccProjectName1 = ../InventoryEnitiyFrameworkWEB-API/InventoryEnitiyFrameworkWEB-API
		SccLocalPath1 = ..\\InventoryEnitiyFrameworkWEB-API\\InventoryEnitiyFrameworkWEB-API
		SccWebProject2 = true
		SccProjectUniqueName2 = ..\\Inventory\u0020Design\u0020AngularJS
		SccProjectName2 = ../Inventory\u0020Design\u0020AngularJS
		SccLocalPath2 = ..\\Inventory\u0020Design\u0020AngularJS
		SccProjectEnlistmentChoice2 = 2
	EndGlobalSection
EndGlobal
